
Microsoft Visual Studio Solution File, Format Version 12.00
# Visual Studio Version 16
VisualStudioVersion = 16.0.31321.278
MinimumVisualStudioVersion = 10.0.40219.1
Project("{FAE04EC0-301F-11D3-BF4B-00C04F79EFBC}") = "Bernadette-Alvarado_Exercise01", "Bernadette-Alvarado_Exercise01\Bernadette-Alvarado_Exercise01.csproj", "{DC870A9B-EF01-4BBD-9878-652CC36EEA7B}"
EndProject
Project("{FAE04EC0-301F-11D3-BF4B-00C04F79EFBC}") = "Bernadette-Alvarado_Exercise02", "Bernadette-Alvarado_Exercise02\Bernadette-Alvarado_Exercise02.csproj", "{CFF1328D-1F95-4BF8-A4AB-8BB56007A519}"
EndProject
Global
	GlobalSection(SolutionConfigurationPlatforms) = preSolution
		Debug|Any CPU = Debug|Any CPU
		Release|Any CPU = Release|Any CPU
	EndGlobalSection
	GlobalSection(ProjectConfigurationPlatforms) = postSolution
		{DC870A9B-EF01-4BBD-9878-652CC36EEA7B}.Debug|Any CPU.ActiveCfg = Debug|Any CPU
		{DC870A9B-EF01-4BBD-9878-652CC36EEA7B}.Debug|Any CPU.Build.0 = Debug|Any CPU
		{DC870A9B-EF01-4BBD-9878-652CC36EEA7B}.Release|Any CPU.ActiveCfg = Release|Any CPU
		{DC870A9B-EF01-4BBD-9878-652CC36EEA7B}.Release|Any CPU.Build.0 = Release|Any CPU
		{CFF1328D-1F95-4BF8-A4AB-8BB56007A519}.Debug|Any CPU.ActiveCfg = Debug|Any CPU
		{CFF1328D-1F95-4BF8-A4AB-8BB56007A519}.Debug|Any CPU.Build.0 = Debug|Any CPU
		{CFF1328D-1F95-4BF8-A4AB-8BB56007A519}.Release|Any CPU.ActiveCfg = Release|Any CPU
		{CFF1328D-1F95-4BF8-A4AB-8BB56007A519}.Release|Any CPU.Build.0 = Release|Any CPU
	EndGlobalSection
	GlobalSection(SolutionProperties) = preSolution
		HideSolutionNode = FALSE
	EndGlobalSection
	GlobalSection(ExtensibilityGlobals) = postSolution
		SolutionGuid = {3FAF1912-57C4-4ED4-84D6-BBEE7CB7E1D5}
	EndGlobalSection
EndGlobal
